
Microsoft Visual Studio Solution File, Format Version 12.00
# Visual Studio 15
VisualStudioVersion = 15.0.27130.2024
MinimumVisualStudioVersion = 10.0.40219.1
Project("{FAE04EC0-301F-11D3-BF4B-00C04F79EFBC}") = "Udemy_Learn_and_Understand_Interfaces", "Udemy_Learn_and_Understand_Interfaces\Udemy_Learn_and_Understand_Interfaces.csproj", "{8A9DC2ED-4367-48B1-BA0A-5E1C94F15273}"
EndProject
Project("{FAE04EC0-301F-11D3-BF4B-00C04F79EFBC}") = "HouseBoatApp", "HouseBoatApp\HouseBoatApp.csproj", "{269ADA58-A08B-4F6A-A3FE-0772DBB312AA}"
EndProject
Project("{FAE04EC0-301F-11D3-BF4B-00C04F79EFBC}") = "HouseBoat2", "HouseBoat2\HouseBoat2.csproj", "{74230C2D-7BEF-473D-9A95-1BB8D00C4B04}"
EndProject
Project("{FAE04EC0-301F-11D3-BF4B-00C04F79EFBC}") = "Implicit_Interface_Demo", "Implicit_Interface_Demo\Implicit_Interface_Demo.csproj", "{09B42489-D3CD-4C00-B99E-6417341189D3}"
EndProject
Project("{FAE04EC0-301F-11D3-BF4B-00C04F79EFBC}") = "Explicit_Implementation_Demo", "Explicit_Implementation_Demo\Explicit_Implementation_Demo.csproj", "{E9B79597-F896-4C81-A5C9-E2777ADFAF44}"
EndProject
Project("{FAE04EC0-301F-11D3-BF4B-00C04F79EFBC}") = "IEnumerable", "IEnumerable\IEnumerable.csproj", "{B910E44D-848E-4960-9D0E-F65EF5A43714}"
EndProject
Project("{FAE04EC0-301F-11D3-BF4B-00C04F79EFBC}") = "ICollection", "ICollection\ICollection.csproj", "{1FAC250B-4CA0-4424-9121-D89EF501FA91}"
EndProject
Project("{FAE04EC0-301F-11D3-BF4B-00C04F79EFBC}") = "IList", "IList\IList.csproj", "{4B030E46-459E-4F07-BB91-2068FE41265B}"
EndProject
Project("{FAE04EC0-301F-11D3-BF4B-00C04F79EFBC}") = "IComparable", "IComparable\IComparable.csproj", "{D64CCC6F-C15F-4D86-823F-C2FFB7D35897}"
EndProject
Project("{FAE04EC0-301F-11D3-BF4B-00C04F79EFBC}") = "FindMedian", "FindMedian\FindMedian.csproj", "{41E3337B-6FC6-46D8-A4B9-286AB432D770}"
EndProject
Project("{FAE04EC0-301F-11D3-BF4B-00C04F79EFBC}") = "SortingStudents", "SortingStudents\SortingStudents.csproj", "{CA30D814-4F98-45AD-8289-CDC91E2F5D15}"
EndProject
Project("{FAE04EC0-301F-11D3-BF4B-00C04F79EFBC}") = "Using_IComparer", "Using_IComparer\Using_IComparer.csproj", "{B4FC52B8-3E55-4FAB-8B01-14A7AAB5E9D8}"
EndProject
Project("{FAE04EC0-301F-11D3-BF4B-00C04F79EFBC}") = "Using_IEquatable", "Using_IEquatable\Using_IEquatable.csproj", "{0DD74553-26CC-4F70-A70A-AF84BCBC4256}"
EndProject
Project("{FAE04EC0-301F-11D3-BF4B-00C04F79EFBC}") = "Using_IEqualityComparer", "Using_IEqualityComparer\Using_IEqualityComparer.csproj", "{8CF96DEC-B1EF-4524-B4DC-58B82CDD2642}"
EndProject
Project("{FAE04EC0-301F-11D3-BF4B-00C04F79EFBC}") = "Using_ICloneable", "Using_ICloneable\Using_ICloneable.csproj", "{ECC4391D-97C8-4D4F-893A-D239B9879BA4}"
EndProject
Project("{FAE04EC0-301F-11D3-BF4B-00C04F79EFBC}") = "Using_IDisposable", "Using_IDisposable\Using_IDisposable.csproj", "{1C3BAE61-0855-4881-97D2-DE1DDF9B320D}"
EndProject
Project("{FAE04EC0-301F-11D3-BF4B-00C04F79EFBC}") = "Using_IEnumerable_Pt1", "Using_IEnumerable_Pt1\Using_IEnumerable_Pt1.csproj", "{65A7D6EE-6B62-4303-A045-22AE5555CF09}"
EndProject
Project("{FAE04EC0-301F-11D3-BF4B-00C04F79EFBC}") = "Using_IEnumerable_Pt2", "Using_IEnumerable_Pt2\Using_IEnumerable_Pt2.csproj", "{D839D22D-ADE0-43A4-A63F-F45D5B2C32DC}"
EndProject
Project("{FAE04EC0-301F-11D3-BF4B-00C04F79EFBC}") = "Using_IEnumerable_Pt3", "Using_IEnumerable_Pt3\Using_IEnumerable_Pt3.csproj", "{1C1B8162-DCB7-4BF2-8A22-C8F02374406C}"
EndProject
Global
	GlobalSection(SolutionConfigurationPlatforms) = preSolution
		Debug|Any CPU = Debug|Any CPU
		Release|Any CPU = Release|Any CPU
	EndGlobalSection
	GlobalSection(ProjectConfigurationPlatforms) = postSolution
		{8A9DC2ED-4367-48B1-BA0A-5E1C94F15273}.Debug|Any CPU.ActiveCfg = Debug|Any CPU
		{8A9DC2ED-4367-48B1-BA0A-5E1C94F15273}.Debug|Any CPU.Build.0 = Debug|Any CPU
		{8A9DC2ED-4367-48B1-BA0A-5E1C94F15273}.Release|Any CPU.ActiveCfg = Release|Any CPU
		{8A9DC2ED-4367-48B1-BA0A-5E1C94F15273}.Release|Any CPU.Build.0 = Release|Any CPU
		{269ADA58-A08B-4F6A-A3FE-0772DBB312AA}.Debug|Any CPU.ActiveCfg = Debug|Any CPU
		{269ADA58-A08B-4F6A-A3FE-0772DBB312AA}.Debug|Any CPU.Build.0 = Debug|Any CPU
		{269ADA58-A08B-4F6A-A3FE-0772DBB312AA}.Release|Any CPU.ActiveCfg = Release|Any CPU
		{269ADA58-A08B-4F6A-A3FE-0772DBB312AA}.Release|Any CPU.Build.0 = Release|Any CPU
		{74230C2D-7BEF-473D-9A95-1BB8D00C4B04}.Debug|Any CPU.ActiveCfg = Debug|Any CPU
		{74230C2D-7BEF-473D-9A95-1BB8D00C4B04}.Debug|Any CPU.Build.0 = Debug|Any CPU
		{74230C2D-7BEF-473D-9A95-1BB8D00C4B04}.Release|Any CPU.ActiveCfg = Release|Any CPU
		{74230C2D-7BEF-473D-9A95-1BB8D00C4B04}.Release|Any CPU.Build.0 = Release|Any CPU
		{09B42489-D3CD-4C00-B99E-6417341189D3}.Debug|Any CPU.ActiveCfg = Debug|Any CPU
		{09B42489-D3CD-4C00-B99E-6417341189D3}.Debug|Any CPU.Build.0 = Debug|Any CPU
		{09B42489-D3CD-4C00-B99E-6417341189D3}.Release|Any CPU.ActiveCfg = Release|Any CPU
		{09B42489-D3CD-4C00-B99E-6417341189D3}.Release|Any CPU.Build.0 = Release|Any CPU
		{E9B79597-F896-4C81-A5C9-E2777ADFAF44}.Debug|Any CPU.ActiveCfg = Debug|Any CPU
		{E9B79597-F896-4C81-A5C9-E2777ADFAF44}.Debug|Any CPU.Build.0 = Debug|Any CPU
		{E9B79597-F896-4C81-A5C9-E2777ADFAF44}.Release|Any CPU.ActiveCfg = Release|Any CPU
		{E9B79597-F896-4C81-A5C9-E2777ADFAF44}.Release|Any CPU.Build.0 = Release|Any CPU
		{B910E44D-848E-4960-9D0E-F65EF5A43714}.Debug|Any CPU.ActiveCfg = Debug|Any CPU
		{B910E44D-848E-4960-9D0E-F65EF5A43714}.Debug|Any CPU.Build.0 = Debug|Any CPU
		{B910E44D-848E-4960-9D0E-F65EF5A43714}.Release|Any CPU.ActiveCfg = Release|Any CPU
		{B910E44D-848E-4960-9D0E-F65EF5A43714}.Release|Any CPU.Build.0 = Release|Any CPU
		{1FAC250B-4CA0-4424-9121-D89EF501FA91}.Debug|Any CPU.ActiveCfg = Debug|Any CPU
		{1FAC250B-4CA0-4424-9121-D89EF501FA91}.Debug|Any CPU.Build.0 = Debug|Any CPU
		{1FAC250B-4CA0-4424-9121-D89EF501FA91}.Release|Any CPU.ActiveCfg = Release|Any CPU
		{1FAC250B-4CA0-4424-9121-D89EF501FA91}.Release|Any CPU.Build.0 = Release|Any CPU
		{4B030E46-459E-4F07-BB91-2068FE41265B}.Debug|Any CPU.ActiveCfg = Debug|Any CPU
		{4B030E46-459E-4F07-BB91-2068FE41265B}.Debug|Any CPU.Build.0 = Debug|Any CPU
		{4B030E46-459E-4F07-BB91-2068FE41265B}.Release|Any CPU.ActiveCfg = Release|Any CPU
		{4B030E46-459E-4F07-BB91-2068FE41265B}.Release|Any CPU.Build.0 = Release|Any CPU
		{D64CCC6F-C15F-4D86-823F-C2FFB7D35897}.Debug|Any CPU.ActiveCfg = Debug|Any CPU
		{D64CCC6F-C15F-4D86-823F-C2FFB7D35897}.Debug|Any CPU.Build.0 = Debug|Any CPU
		{D64CCC6F-C15F-4D86-823F-C2FFB7D35897}.Release|Any CPU.ActiveCfg = Release|Any CPU
		{D64CCC6F-C15F-4D86-823F-C2FFB7D35897}.Release|Any CPU.Build.0 = Release|Any CPU
		{41E3337B-6FC6-46D8-A4B9-286AB432D770}.Debug|Any CPU.ActiveCfg = Debug|Any CPU
		{41E3337B-6FC6-46D8-A4B9-286AB432D770}.Debug|Any CPU.Build.0 = Debug|Any CPU
		{41E3337B-6FC6-46D8-A4B9-286AB432D770}.Release|Any CPU.ActiveCfg = Release|Any CPU
		{41E3337B-6FC6-46D8-A4B9-286AB432D770}.Release|Any CPU.Build.0 = Release|Any CPU
		{CA30D814-4F98-45AD-8289-CDC91E2F5D15}.Debug|Any CPU.ActiveCfg = Debug|Any CPU
		{CA30D814-4F98-45AD-8289-CDC91E2F5D15}.Debug|Any CPU.Build.0 = Debug|Any CPU
		{CA30D814-4F98-45AD-8289-CDC91E2F5D15}.Release|Any CPU.ActiveCfg = Release|Any CPU
		{CA30D814-4F98-45AD-8289-CDC91E2F5D15}.Release|Any CPU.Build.0 = Release|Any CPU
		{B4FC52B8-3E55-4FAB-8B01-14A7AAB5E9D8}.Debug|Any CPU.ActiveCfg = Debug|Any CPU
		{B4FC52B8-3E55-4FAB-8B01-14A7AAB5E9D8}.Debug|Any CPU.Build.0 = Debug|Any CPU
		{B4FC52B8-3E55-4FAB-8B01-14A7AAB5E9D8}.Release|Any CPU.ActiveCfg = Release|Any CPU
		{B4FC52B8-3E55-4FAB-8B01-14A7AAB5E9D8}.Release|Any CPU.Build.0 = Release|Any CPU
		{0DD74553-26CC-4F70-A70A-AF84BCBC4256}.Debug|Any CPU.ActiveCfg = Debug|Any CPU
		{0DD74553-26CC-4F70-A70A-AF84BCBC4256}.Debug|Any CPU.Build.0 = Debug|Any CPU
		{0DD74553-26CC-4F70-A70A-AF84BCBC4256}.Release|Any CPU.ActiveCfg = Release|Any CPU
		{0DD74553-26CC-4F70-A70A-AF84BCBC4256}.Release|Any CPU.Build.0 = Release|Any CPU
		{8CF96DEC-B1EF-4524-B4DC-58B82CDD2642}.Debug|Any CPU.ActiveCfg = Debug|Any CPU
		{8CF96DEC-B1EF-4524-B4DC-58B82CDD2642}.Debug|Any CPU.Build.0 = Debug|Any CPU
		{8CF96DEC-B1EF-4524-B4DC-58B82CDD2642}.Release|Any CPU.ActiveCfg = Release|Any CPU
		{8CF96DEC-B1EF-4524-B4DC-58B82CDD2642}.Release|Any CPU.Build.0 = Release|Any CPU
		{ECC4391D-97C8-4D4F-893A-D239B9879BA4}.Debug|Any CPU.ActiveCfg = Debug|Any CPU
		{ECC4391D-97C8-4D4F-893A-D239B9879BA4}.Debug|Any CPU.Build.0 = Debug|Any CPU
		{ECC4391D-97C8-4D4F-893A-D239B9879BA4}.Release|Any CPU.ActiveCfg = Release|Any CPU
		{ECC4391D-97C8-4D4F-893A-D239B9879BA4}.Release|Any CPU.Build.0 = Release|Any CPU
		{1C3BAE61-0855-4881-97D2-DE1DDF9B320D}.Debug|Any CPU.ActiveCfg = Debug|Any CPU
		{1C3BAE61-0855-4881-97D2-DE1DDF9B320D}.Debug|Any CPU.Build.0 = Debug|Any CPU
		{1C3BAE61-0855-4881-97D2-DE1DDF9B320D}.Release|Any CPU.ActiveCfg = Release|Any CPU
		{1C3BAE61-0855-4881-97D2-DE1DDF9B320D}.Release|Any CPU.Build.0 = Release|Any CPU
		{65A7D6EE-6B62-4303-A045-22AE5555CF09}.Debug|Any CPU.ActiveCfg = Debug|Any CPU
		{65A7D6EE-6B62-4303-A045-22AE5555CF09}.Debug|Any CPU.Build.0 = Debug|Any CPU
		{65A7D6EE-6B62-4303-A045-22AE5555CF09}.Release|Any CPU.ActiveCfg = Release|Any CPU
		{65A7D6EE-6B62-4303-A045-22AE5555CF09}.Release|Any CPU.Build.0 = Release|Any CPU
		{D839D22D-ADE0-43A4-A63F-F45D5B2C32DC}.Debug|Any CPU.ActiveCfg = Debug|Any CPU
		{D839D22D-ADE0-43A4-A63F-F45D5B2C32DC}.Debug|Any CPU.Build.0 = Debug|Any CPU
		{D839D22D-ADE0-43A4-A63F-F45D5B2C32DC}.Release|Any CPU.ActiveCfg = Release|Any CPU
		{D839D22D-ADE0-43A4-A63F-F45D5B2C32DC}.Release|Any CPU.Build.0 = Release|Any CPU
		{1C1B8162-DCB7-4BF2-8A22-C8F02374406C}.Debug|Any CPU.ActiveCfg = Debug|Any CPU
		{1C1B8162-DCB7-4BF2-8A22-C8F02374406C}.Debug|Any CPU.Build.0 = Debug|Any CPU
		{1C1B8162-DCB7-4BF2-8A22-C8F02374406C}.Release|Any CPU.ActiveCfg = Release|Any CPU
		{1C1B8162-DCB7-4BF2-8A22-C8F02374406C}.Release|Any CPU.Build.0 = Release|Any CPU
	EndGlobalSection
	GlobalSection(SolutionProperties) = preSolution
		HideSolutionNode = FALSE
	EndGlobalSection
	GlobalSection(ExtensibilityGlobals) = postSolution
		SolutionGuid = {50F4CF9F-443A-454F-9658-DF23EDB3B144}
	EndGlobalSection
EndGlobal
